
Microsoft Visual Studio Solution File, Format Version 12.00
# Visual Studio Version 17
VisualStudioVersion = 17.4.33103.184
MinimumVisualStudioVersion = 10.0.40219.1
Project("{FAE04EC0-301F-11D3-BF4B-00C04F79EFBC}") = "WpfAppTovarIS-33Berzegov", "WpfAppTovarIS-33Berzegov\WpfAppTovarIS-33Berzegov.csproj", "{A3321D7F-3B38-4639-835E-994E9C2C1D68}"
EndProject
Global
	GlobalSection(SolutionConfigurationPlatforms) = preSolution
		Debug|Any CPU = Debug|Any CPU
		Release|Any CPU = Release|Any CPU
	EndGlobalSection
	GlobalSection(ProjectConfigurationPlatforms) = postSolution
		{A3321D7F-3B38-4639-835E-994E9C2C1D68}.Debug|Any CPU.ActiveCfg = Debug|Any CPU
		{A3321D7F-3B38-4639-835E-994E9C2C1D68}.Debug|Any CPU.Build.0 = Debug|Any CPU
		{A3321D7F-3B38-4639-835E-994E9C2C1D68}.Release|Any CPU.ActiveCfg = Release|Any CPU
		{A3321D7F-3B38-4639-835E-994E9C2C1D68}.Release|Any CPU.Build.0 = Release|Any CPU
	EndGlobalSection
	GlobalSection(SolutionProperties) = preSolution
		HideSolutionNode = FALSE
	EndGlobalSection
	GlobalSection(ExtensibilityGlobals) = postSolution
		SolutionGuid = {B253A1DF-A7B8-4D95-819D-D8EA4CA0DA17}
	EndGlobalSection
EndGlobal
